
Microsoft Visual Studio Solution File, Format Version 12.00
# Visual Studio Version 17
VisualStudioVersion = 17.0.31912.275
MinimumVisualStudioVersion = 10.0.40219.1
Project("{FAE04EC0-301F-11D3-BF4B-00C04F79EFBC}") = "faster-csharp", "faster-csharp\faster-csharp.csproj", "{8B71FCC9-C9C6-46A2-98CD-13D8961017FF}"
EndProject
Global
	GlobalSection(SolutionConfigurationPlatforms) = preSolution
		Debug|Any CPU = Debug|Any CPU
		Release|Any CPU = Release|Any CPU
	EndGlobalSection
	GlobalSection(ProjectConfigurationPlatforms) = postSolution
		{8B71FCC9-C9C6-46A2-98CD-13D8961017FF}.Debug|Any CPU.ActiveCfg = Debug|Any CPU
		{8B71FCC9-C9C6-46A2-98CD-13D8961017FF}.Debug|Any CPU.Build.0 = Debug|Any CPU
		{8B71FCC9-C9C6-46A2-98CD-13D8961017FF}.Release|Any CPU.ActiveCfg = Release|Any CPU
		{8B71FCC9-C9C6-46A2-98CD-13D8961017FF}.Release|Any CPU.Build.0 = Release|Any CPU
	EndGlobalSection
	GlobalSection(SolutionProperties) = preSolution
		HideSolutionNode = FALSE
	EndGlobalSection
	GlobalSection(ExtensibilityGlobals) = postSolution
		SolutionGuid = {A24B1917-3AD9-49C7-BCBD-E0E2F723D2F4}
	EndGlobalSection
EndGlobal
